dependencies:
- name: postgresql
  repository: oci://registry-1.docker.io/bitnamicharts
  version: 12.4.3
- name: neo4j
  repository: https://neo4j.github.io/helm-charts/
  version: 5.18.1
- name: keycloak
  repository: oci://registry-1.docker.io/bitnamicharts
  version: 24.7.1
digest: sha256:77d5257d72e335174d413000585409aba6dd8ccf78aae561a3d2b6c2e8c6d92b
generated: "2025-06-03T08:23:03.247184299Z"
